// !$*UTF8*$!
{
	archiveVersion = 1;
	classes = {
	};
	objectVersion = 50;
	objects = {

/* Begin PBXBuildFile section */
		FBE49B4D264EC81500A4A6F0 /* AppDelegate.swift in Sources */ = {isa = PBXBuildFile; fileRef = FBE49B4C264EC81500A4A6F0 /* AppDelegate.swift */; };
		FBE49B4F264EC81500A4A6F0 /* SceneDelegate.swift in Sources */ = {isa = PBXBuildFile; fileRef = FBE49B4E264EC81500A4A6F0 /* SceneDelegate.swift */; };
		FBE49B57264EC81500A4A6F0 /* TranslateApp.xcdatamodeld in Sources */ = {isa = PBXBuildFile; fileRef = FBE49B55264EC81500A4A6F0 /* TranslateApp.xcdatamodeld */; };
		FBE49B59264EC81800A4A6F0 /* Assets.xcassets in Resources */ = {isa = PBXBuildFile; fileRef = FBE49B58264EC81800A4A6F0 /* Assets.xcassets */; };
		FBE49B5C264EC81800A4A6F0 /* LaunchScreen.storyboard in Resources */ = {isa = PBXBuildFile; fileRef = FBE49B5A264EC81800A4A6F0 /* LaunchScreen.storyboard */; };
		FBE49B68264EC9F300A4A6F0 /* TranslationViewController.swift in Sources */ = {isa = PBXBuildFile; fileRef = FBE49B67264EC9F300A4A6F0 /* TranslationViewController.swift */; };
		FBE49B6B264ECA1E00A4A6F0 /* DictionaryViewController.swift in Sources */ = {isa = PBXBuildFile; fileRef = FBE49B6A264ECA1E00A4A6F0 /* DictionaryViewController.swift */; };
		FBE49B6E264ECA4500A4A6F0 /* SettingsViewController.swift in Sources */ = {isa = PBXBuildFile; fileRef = FBE49B6D264ECA4500A4A6F0 /* SettingsViewController.swift */; };
		FBE49B74264EE71B00A4A6F0 /* LanguageSelectorView.swift in Sources */ = {isa = PBXBuildFile; fileRef = FBE49B73264EE71B00A4A6F0 /* LanguageSelectorView.swift */; };
		FBE49B7C264EE9FB00A4A6F0 /* TranslationFieldView.swift in Sources */ = {isa = PBXBuildFile; fileRef = FBE49B7B264EE9FB00A4A6F0 /* TranslationFieldView.swift */; };
		FBE49B83264FD05200A4A6F0 /* WordList.swift in Sources */ = {isa = PBXBuildFile; fileRef = FBE49B82264FD05200A4A6F0 /* WordList.swift */; };
		FBE49B87264FD14800A4A6F0 /* TranslationRequest.swift in Sources */ = {isa = PBXBuildFile; fileRef = FBE49B86264FD14800A4A6F0 /* TranslationRequest.swift */; };
		FBE49B8B264FD2DD00A4A6F0 /* TranslationResponse.swift in Sources */ = {isa = PBXBuildFile; fileRef = FBE49B8A264FD2DD00A4A6F0 /* TranslationResponse.swift */; };
		FBE49B902650515E00A4A6F0 /* LanguagePickViewController.swift in Sources */ = {isa = PBXBuildFile; fileRef = FBE49B8F2650515E00A4A6F0 /* LanguagePickViewController.swift */; };
/* End PBXBuildFile section */

/* Begin PBXFileReference section */
		FBE49B49264EC81500A4A6F0 /* TranslateApp.app */ = {isa = PBXFileReference; explicitFileType = wrapper.application; includeInIndex = 0; path = TranslateApp.app; sourceTree = BUILT_PRODUCTS_DIR; };
		FBE49B4C264EC81500A4A6F0 /* AppDelegate.swift */ = {isa = PBXFileReference; lastKnownFileType = sourcecode.swift; path = AppDelegate.swift; sourceTree = "<group>"; };
		FBE49B4E264EC81500A4A6F0 /* SceneDelegate.swift */ = {isa = PBXFileReference; lastKnownFileType = sourcecode.swift; path = SceneDelegate.swift; sourceTree = "<group>"; };
		FBE49B56264EC81500A4A6F0 /* TranslateApp.xcdatamodel */ = {isa = PBXFileReference; lastKnownFileType = wrapper.xcdatamodel; path = TranslateApp.xcdatamodel; sourceTree = "<group>"; };
		FBE49B58264EC81800A4A6F0 /* Assets.xcassets */ = {isa = PBXFileReference; lastKnownFileType = folder.assetcatalog; path = Assets.xcassets; sourceTree = "<group>"; };
		FBE49B5B264EC81800A4A6F0 /* Base */ = {isa = PBXFileReference; lastKnownFileType = file.storyboard; name = Base; path = Base.lproj/LaunchScreen.storyboard; sourceTree = "<group>"; };
		FBE49B5D264EC81800A4A6F0 /* Info.plist */ = {isa = PBXFileReference; lastKnownFileType = text.plist.xml; path = Info.plist; sourceTree = "<group>"; };
		FBE49B67264EC9F300A4A6F0 /* TranslationViewController.swift */ = {isa = PBXFileReference; lastKnownFileType = sourcecode.swift; path = TranslationViewController.swift; sourceTree = "<group>"; };
		FBE49B6A264ECA1E00A4A6F0 /* DictionaryViewController.swift */ = {isa = PBXFileReference; lastKnownFileType = sourcecode.swift; path = DictionaryViewController.swift; sourceTree = "<group>"; };
		FBE49B6D264ECA4500A4A6F0 /* SettingsViewController.swift */ = {isa = PBXFileReference; lastKnownFileType = sourcecode.swift; path = SettingsViewController.swift; sourceTree = "<group>"; };
		FBE49B73264EE71B00A4A6F0 /* LanguageSelectorView.swift */ = {isa = PBXFileReference; lastKnownFileType = sourcecode.swift; path = LanguageSelectorView.swift; sourceTree = "<group>"; };
		FBE49B7B264EE9FB00A4A6F0 /* TranslationFieldView.swift */ = {isa = PBXFileReference; lastKnownFileType = sourcecode.swift; path = TranslationFieldView.swift; sourceTree = "<group>"; };
		FBE49B82264FD05200A4A6F0 /* WordList.swift */ = {isa = PBXFileReference; lastKnownFileType = sourcecode.swift; path = WordList.swift; sourceTree = "<group>"; };
		FBE49B86264FD14800A4A6F0 /* TranslationRequest.swift */ = {isa = PBXFileReference; lastKnownFileType = sourcecode.swift; path = TranslationRequest.swift; sourceTree = "<group>"; };
		FBE49B8A264FD2DD00A4A6F0 /* TranslationResponse.swift */ = {isa = PBXFileReference; lastKnownFileType = sourcecode.swift; path = TranslationResponse.swift; sourceTree = "<group>"; };
		FBE49B8F2650515E00A4A6F0 /* LanguagePickViewController.swift */ = {isa = PBXFileReference; lastKnownFileType = sourcecode.swift; path = LanguagePickViewController.swift; sourceTree = "<group>"; };
/* End PBXFileReference section */

/* Begin PBXFrameworksBuildPhase section */
		FBE49B46264EC81500A4A6F0 /* Frameworks */ = {
			isa = PBXFrameworksBuildPhase;
			buildActionMask = 2147483647;
			files = (
			);
			runOnlyForDeploymentPostprocessing = 0;
		};
/* End PBXFrameworksBuildPhase section */

/* Begin PBXGroup section */
		FBE49B40264EC81500A4A6F0 = {
			isa = PBXGroup;
			children = (
				FBE49B4B264EC81500A4A6F0 /* TranslateApp */,
				FBE49B4A264EC81500A4A6F0 /* Products */,
			);
			sourceTree = "<group>";
		};
		FBE49B4A264EC81500A4A6F0 /* Products */ = {
			isa = PBXGroup;
			children = (
				FBE49B49264EC81500A4A6F0 /* TranslateApp.app */,
			);
			name = Products;
			sourceTree = "<group>";
		};
		FBE49B4B264EC81500A4A6F0 /* TranslateApp */ = {
			isa = PBXGroup;
			children = (
				FBE49B89264FD15100A4A6F0 /* Model */,
				FBE49B76264EE90100A4A6F0 /* View */,
				FBE49B71264ECA5900A4A6F0 /* Controller */,
				FBE49B58264EC81800A4A6F0 /* Assets.xcassets */,
				FBE49B5A264EC81800A4A6F0 /* LaunchScreen.storyboard */,
				FBE49B4C264EC81500A4A6F0 /* AppDelegate.swift */,
				FBE49B4E264EC81500A4A6F0 /* SceneDelegate.swift */,
				FBE49B5D264EC81800A4A6F0 /* Info.plist */,
				FBE49B55264EC81500A4A6F0 /* TranslateApp.xcdatamodeld */,
			);
			path = TranslateApp;
			sourceTree = "<group>";
		};
		FBE49B71264ECA5900A4A6F0 /* Controller */ = {
			isa = PBXGroup;
			children = (
				FBE49B67264EC9F300A4A6F0 /* TranslationViewController.swift */,
				FBE49B6A264ECA1E00A4A6F0 /* DictionaryViewController.swift */,
				FBE49B8F2650515E00A4A6F0 /* LanguagePickViewController.swift */,
				FBE49B6D264ECA4500A4A6F0 /* SettingsViewController.swift */,
			);
			path = Controller;
			sourceTree = "<group>";
		};
		FBE49B76264EE90100A4A6F0 /* View */ = {
			isa = PBXGroup;
			children = (
				FBE49B73264EE71B00A4A6F0 /* LanguageSelectorView.swift */,
				FBE49B7B264EE9FB00A4A6F0 /* TranslationFieldView.swift */,
			);
			path = View;
			sourceTree = "<group>";
		};
		FBE49B89264FD15100A4A6F0 /* Model */ = {
			isa = PBXGroup;
			children = (
				FBE49B82264FD05200A4A6F0 /* WordList.swift */,
				FBE49B86264FD14800A4A6F0 /* TranslationRequest.swift */,
				FBE49B8A264FD2DD00A4A6F0 /* TranslationResponse.swift */,
			);
			path = Model;
			sourceTree = "<group>";
		};
/* End PBXGroup section */

/* Begin PBXNativeTarget section */
		FBE49B48264EC81500A4A6F0 /* TranslateApp */ = {
			isa = PBXNativeTarget;
			buildConfigurationList = FBE49B60264EC81800A4A6F0 /* Build configuration list for PBXNativeTarget "TranslateApp" */;
			buildPhases = (
				FBE49B45264EC81500A4A6F0 /* Sources */,
				FBE49B46264EC81500A4A6F0 /* Frameworks */,
				FBE49B47264EC81500A4A6F0 /* Resources */,
			);
			buildRules = (
			);
			dependencies = (
			);
			name = TranslateApp;
			productName = TranslateApp;
			productReference = FBE49B49264EC81500A4A6F0 /* TranslateApp.app */;
			productType = "com.apple.product-type.application";
		};
/* End PBXNativeTarget section */

/* Begin PBXProject section */
		FBE49B41264EC81500A4A6F0 /* Project object */ = {
			isa = PBXProject;
			attributes = {
				LastSwiftUpdateCheck = 1220;
				LastUpgradeCheck = 1220;
				TargetAttributes = {
					FBE49B48264EC81500A4A6F0 = {
						CreatedOnToolsVersion = 12.2;
					};
				};
			};
			buildConfigurationList = FBE49B44264EC81500A4A6F0 /* Build configuration list for PBXProject "TranslateApp" */;
			compatibilityVersion = "Xcode 9.3";
			developmentRegion = en;
			hasScannedForEncodings = 0;
			knownRegions = (
				en,
				Base,
			);
			mainGroup = FBE49B40264EC81500A4A6F0;
			productRefGroup = FBE49B4A264EC81500A4A6F0 /* Products */;
			projectDirPath = "";
			projectRoot = "";
			targets = (
				FBE49B48264EC81500A4A6F0 /* TranslateApp */,
			);
		};
/* End PBXProject section */

/* Begin PBXResourcesBuildPhase section */
		FBE49B47264EC81500A4A6F0 /* Resources */ = {
			isa = PBXResourcesBuildPhase;
			buildActionMask = 2147483647;
			files = (
				FBE49B5C264EC81800A4A6F0 /* LaunchScreen.storyboard in Resources */,
				FBE49B59264EC81800A4A6F0 /* Assets.xcassets in Resources */,
			);
			runOnlyForDeploymentPostprocessing = 0;
		};
/* End PBXResourcesBuildPhase section */

/* Begin PBXSourcesBuildPhase section */
		FBE49B45264EC81500A4A6F0 /* Sources */ = {
			isa = PBXSourcesBuildPhase;
			buildActionMask = 2147483647;
			files = (
				FBE49B6B264ECA1E00A4A6F0 /* DictionaryViewController.swift in Sources */,
				FBE49B83264FD05200A4A6F0 /* WordList.swift in Sources */,
				FBE49B902650515E00A4A6F0 /* LanguagePickViewController.swift in Sources */,
				FBE49B68264EC9F300A4A6F0 /* TranslationViewController.swift in Sources */,
				FBE49B57264EC81500A4A6F0 /* TranslateApp.xcdatamodeld in Sources */,
				FBE49B4D264EC81500A4A6F0 /* AppDelegate.swift in Sources */,
				FBE49B7C264EE9FB00A4A6F0 /* TranslationFieldView.swift in Sources */,
				FBE49B4F264EC81500A4A6F0 /* SceneDelegate.swift in Sources */,
				FBE49B87264FD14800A4A6F0 /* TranslationRequest.swift in Sources */,
				FBE49B8B264FD2DD00A4A6F0 /* TranslationResponse.swift in Sources */,
				FBE49B6E264ECA4500A4A6F0 /* SettingsViewController.swift in Sources */,
				FBE49B74264EE71B00A4A6F0 /* LanguageSelectorView.swift in Sources */,
			);
			runOnlyForDeploymentPostprocessing = 0;
		};
/* End PBXSourcesBuildPhase section */

/* Begin PBXVariantGroup section */
		FBE49B5A264EC81800A4A6F0 /* LaunchScreen.storyboard */ = {
			isa = PBXVariantGroup;
			children = (
				FBE49B5B264EC81800A4A6F0 /* Base */,
			);
			name = LaunchScreen.storyboard;
			sourceTree = "<group>";
		};
/* End PBXVariantGroup section */

/* Begin XCBuildConfiguration section */
		FBE49B5E264EC81800A4A6F0 /* Debug */ = {
			isa = XCBuildConfiguration;
			buildSettings = {
				ALWAYS_SEARCH_USER_PATHS = NO;
				CLANG_ANALYZER_NONNULL = YES;
				CLANG_ANALYZER_NUMBER_OBJECT_CONVERSION = YES_AGGRESSIVE;
				CLANG_CXX_LANGUAGE_STANDARD = "gnu++14";
				CLANG_CXX_LIBRARY = "libc++";
				CLANG_ENABLE_MODULES = YES;
				CLANG_ENABLE_OBJC_ARC = YES;
				CLANG_ENABLE_OBJC_WEAK = YES;
				CLANG_WARN_BLOCK_CAPTURE_AUTORELEASING = YES;
				CLANG_WARN_BOOL_CONVERSION = YES;
				CLANG_WARN_COMMA = YES;
				CLANG_WARN_CONSTANT_CONVERSION = YES;
				CLANG_WARN_DEPRECATED_OBJC_IMPLEMENTATIONS = YES;
				CLANG_WARN_DIRECT_OBJC_ISA_USAGE = YES_ERROR;
				CLANG_WARN_DOCUMENTATION_COMMENTS = YES;
				CLANG_WARN_EMPTY_BODY = YES;
				CLANG_WARN_ENUM_CONVERSION = YES;
				CLANG_WARN_INFINITE_RECURSION = YES;
				CLANG_WARN_INT_CONVERSION = YES;
				CLANG_WARN_NON_LITERAL_NULL_CONVERSION = YES;
				CLANG_WARN_OBJC_IMPLICIT_RETAIN_SELF = YES;
				CLANG_WARN_OBJC_LITERAL_CONVERSION = YES;
				CLANG_WARN_OBJC_ROOT_CLASS = YES_ERROR;
				CLANG_WARN_QUOTED_INCLUDE_IN_FRAMEWORK_HEADER = YES;
				CLANG_WARN_RANGE_LOOP_ANALYSIS = YES;
				CLANG_WARN_STRICT_PROTOTYPES = YES;
				CLANG_WARN_SUSPICIOUS_MOVE = YES;
				CLANG_WARN_UNGUARDED_AVAILABILITY = YES_AGGRESSIVE;
				CLANG_WARN_UNREACHABLE_CODE = YES;
				CLANG_WARN__DUPLICATE_METHOD_MATCH = YES;
				COPY_PHASE_STRIP = NO;
				DEBUG_INFORMATION_FORMAT = dwarf;
				ENABLE_STRICT_OBJC_MSGSEND = YES;
				ENABLE_TESTABILITY = YES;
				GCC_C_LANGUAGE_STANDARD = gnu11;
				GCC_DYNAMIC_NO_PIC = NO;
				GCC_NO_COMMON_BLOCKS = YES;
				GCC_OPTIMIZATION_LEVEL = 0;
				GCC_PREPROCESSOR_DEFINITIONS = (
					"DEBUG=1",
					"$(inherited)",
				);
				GCC_WARN_64_TO_32_BIT_CONVERSION = YES;
				GCC_WARN_ABOUT_RETURN_TYPE = YES_ERROR;
				GCC_WARN_UNDECLARED_SELECTOR = YES;
				GCC_WARN_UNINITIALIZED_AUTOS = YES_AGGRESSIVE;
				GCC_WARN_UNUSED_FUNCTION = YES;
				GCC_WARN_UNUSED_VARIABLE = YES;
				IPHONEOS_DEPLOYMENT_TARGET = 14.2;
				MTL_ENABLE_DEBUG_INFO = INCLUDE_SOURCE;
				MTL_FAST_MATH = YES;
				ONLY_ACTIVE_ARCH = YES;
				SDKROOT = iphoneos;
				SWIFT_ACTIVE_COMPILATION_CONDITIONS = DEBUG;
				SWIFT_OPTIMIZATION_LEVEL = "-Onone";
			};
			name = Debug;
		};
		FBE49B5F264EC81800A4A6F0 /* Release */ = {
			isa = XCBuildConfiguration;
			buildSettings = {
				ALWAYS_SEARCH_USER_PATHS = NO;
				CLANG_ANALYZER_NONNULL = YES;
				CLANG_ANALYZER_NUMBER_OBJECT_CONVERSION = YES_AGGRESSIVE;
				CLANG_CXX_LANGUAGE_STANDARD = "gnu++14";
				CLANG_CXX_LIBRARY = "libc++";
				CLANG_ENABLE_MODULES = YES;
				CLANG_ENABLE_OBJC_ARC = YES;
				CLANG_ENABLE_OBJC_WEAK = YES;
				CLANG_WARN_BLOCK_CAPTURE_AUTORELEASING = YES;
				CLANG_WARN_BOOL_CONVERSION = YES;
				CLANG_WARN_COMMA = YES;
				CLANG_WARN_CONSTANT_CONVERSION = YES;
				CLANG_WARN_DEPRECATED_OBJC_IMPLEMENTATIONS = YES;
				CLANG_WARN_DIRECT_OBJC_ISA_USAGE = YES_ERROR;
				CLANG_WARN_DOCUMENTATION_COMMENTS = YES;
				CLANG_WARN_EMPTY_BODY = YES;
				CLANG_WARN_ENUM_CONVERSION = YES;
				CLANG_WARN_INFINITE_RECURSION = YES;
				CLANG_WARN_INT_CONVERSION = YES;
				CLANG_WARN_NON_LITERAL_NULL_CONVERSION = YES;
				CLANG_WARN_OBJC_IMPLICIT_RETAIN_SELF = YES;
				CLANG_WARN_OBJC_LITERAL_CONVERSION = YES;
				CLANG_WARN_OBJC_ROOT_CLASS = YES_ERROR;
				CLANG_WARN_QUOTED_INCLUDE_IN_FRAMEWORK_HEADER = YES;
				CLANG_WARN_RANGE_LOOP_ANALYSIS = YES;
				CLANG_WARN_STRICT_PROTOTYPES = YES;
				CLANG_WARN_SUSPICIOUS_MOVE = YES;
				CLANG_WARN_UNGUARDED_AVAILABILITY = YES_AGGRESSIVE;
				CLANG_WARN_UNREACHABLE_CODE = YES;
				CLANG_WARN__DUPLICATE_METHOD_MATCH = YES;
				COPY_PHASE_STRIP = NO;
				DEBUG_INFORMATION_FORMAT = "dwarf-with-dsym";
				ENABLE_NS_ASSERTIONS = NO;
				ENABLE_STRICT_OBJC_MSGSEND = YES;
				GCC_C_LANGUAGE_STANDARD = gnu11;
				GCC_NO_COMMON_BLOCKS = YES;
				GCC_WARN_64_TO_32_BIT_CONVERSION = YES;
				GCC_WARN_ABOUT_RETURN_TYPE = YES_ERROR;
				GCC_WARN_UNDECLARED_SELECTOR = YES;
				GCC_WARN_UNINITIALIZED_AUTOS = YES_AGGRESSIVE;
				GCC_WARN_UNUSED_FUNCTION = YES;
				GCC_WARN_UNUSED_VARIABLE = YES;
				IPHONEOS_DEPLOYMENT_TARGET = 14.2;
				MTL_ENABLE_DEBUG_INFO = NO;
				MTL_FAST_MATH = YES;
				SDKROOT = iphoneos;
				SWIFT_COMPILATION_MODE = wholemodule;
				SWIFT_OPTIMIZATION_LEVEL = "-O";
				VALIDATE_PRODUCT = YES;
			};
			name = Release;
		};
		FBE49B61264EC81800A4A6F0 /* Debug */ = {
			isa = XCBuildConfiguration;
			buildSettings = {
				ASSETCATALOG_COMPILER_APPICON_NAME = AppIcon;
				ASSETCATALOG_COMPILER_GLOBAL_ACCENT_COLOR_NAME = AccentColor;
				CODE_SIGN_STYLE = Automatic;
				DEVELOPMENT_TEAM = 2XVB935AL2;
				INFOPLIST_FILE = TranslateApp/Info.plist;
				LD_RUNPATH_SEARCH_PATHS = (
					"$(inherited)",
					"@executable_path/Frameworks",
				);
				PRODUCT_BUNDLE_IDENTIFIER = MuratD.TranslateApp;
				PRODUCT_NAME = "$(TARGET_NAME)";
				SWIFT_VERSION = 5.0;
				TARGETED_DEVICE_FAMILY = 1;
			};
			name = Debug;
		};
		FBE49B62264EC81800A4A6F0 /* Release */ = {
			isa = XCBuildConfiguration;
			buildSettings = {
				ASSETCATALOG_COMPILER_APPICON_NAME = AppIcon;
				ASSETCATALOG_COMPILER_GLOBAL_ACCENT_COLOR_NAME = AccentColor;
				CODE_SIGN_STYLE = Automatic;
				DEVELOPMENT_TEAM = 2XVB935AL2;
				INFOPLIST_FILE = TranslateApp/Info.plist;
				LD_RUNPATH_SEARCH_PATHS = (
					"$(inherited)",
					"@executable_path/Frameworks",
				);
				PRODUCT_BUNDLE_IDENTIFIER = MuratD.TranslateApp;
				PRODUCT_NAME = "$(TARGET_NAME)";
				SWIFT_VERSION = 5.0;
				TARGETED_DEVICE_FAMILY = 1;
			};
			name = Release;
		};
/* End XCBuildConfiguration section */

/* Begin XCConfigurationList section */
		FBE49B44264EC81500A4A6F0 /* Build configuration list for PBXProject "TranslateApp" */ = {
			isa = XCConfigurationList;
			buildConfigurations = (
				FBE49B5E264EC81800A4A6F0 /* Debug */,
				FBE49B5F264EC81800A4A6F0 /* Release */,
			);
			defaultConfigurationIsVisible = 0;
			defaultConfigurationName = Release;
		};
		FBE49B60264EC81800A4A6F0 /* Build configuration list for PBXNativeTarget "TranslateApp" */ = {
			isa = XCConfigurationList;
			buildConfigurations = (
				FBE49B61264EC81800A4A6F0 /* Debug */,
				FBE49B62264EC81800A4A6F0 /* Release */,
			);
			defaultConfigurationIsVisible = 0;
			defaultConfigurationName = Release;
		};
/* End XCConfigurationList section */

/* Begin XCVersionGroup section */
		FBE49B55264EC81500A4A6F0 /* TranslateApp.xcdatamodeld */ = {
			isa = XCVersionGroup;
			children = (
				FBE49B56264EC81500A4A6F0 /* TranslateApp.xcdatamodel */,
			);
			currentVersion = FBE49B56264EC81500A4A6F0 /* TranslateApp.xcdatamodel */;
			path = TranslateApp.xcdatamodeld;
			sourceTree = "<group>";
			versionGroupType = wrapper.xcdatamodel;
		};
/* End XCVersionGroup section */
	};
	rootObject = FBE49B41264EC81500A4A6F0 /* Project object */;
}
